
Microsoft Visual Studio Solution File, Format Version 12.00
# Visual Studio Version 16
VisualStudioVersion = 16.0.31410.357
MinimumVisualStudioVersion = 10.0.40219.1
Project("{FAE04EC0-301F-11D3-BF4B-00C04F79EFBC}") = "SendCodeServer", "SendCodeServer.csproj", "{4435683A-8725-4DFA-BEC0-78F5AE3F891C}"
EndProject
Global
	GlobalSection(SolutionConfigurationPlatforms) = preSolution
		Debug|Any CPU = Debug|Any CPU
		Release|Any CPU = Release|Any CPU
	EndGlobalSection
	GlobalSection(ProjectConfigurationPlatforms) = postSolution
		{4435683A-8725-4DFA-BEC0-78F5AE3F891C}.Debug|Any CPU.ActiveCfg = Debug|Any CPU
		{4435683A-8725-4DFA-BEC0-78F5AE3F891C}.Debug|Any CPU.Build.0 = Debug|Any CPU
		{4435683A-8725-4DFA-BEC0-78F5AE3F891C}.Release|Any CPU.ActiveCfg = Release|Any CPU
		{4435683A-8725-4DFA-BEC0-78F5AE3F891C}.Release|Any CPU.Build.0 = Release|Any CPU
	EndGlobalSection
	GlobalSection(SolutionProperties) = preSolution
		HideSolutionNode = FALSE
	EndGlobalSection
	GlobalSection(ExtensibilityGlobals) = postSolution
		SolutionGuid = {40D9C394-E785-4F40-995D-360ECBEE7041}
	EndGlobalSection
EndGlobal
